
Microsoft Visual Studio Solution File, Format Version 12.00
Project("{FAE04EC0-301F-11D3-BF4B-00C04F79EFBC}") = "PrimeiroProjeto", "PrimeiroProjeto\PrimeiroProjeto.csproj", "{05B35D0B-31B3-4A22-99AE-7C930A6A6233}"
EndProject
Global
	GlobalSection(SolutionConfigurationPlatforms) = preSolution
		Debug|Any CPU = Debug|Any CPU
		Release|Any CPU = Release|Any CPU
	EndGlobalSection
	GlobalSection(ProjectConfigurationPlatforms) = postSolution
		{05B35D0B-31B3-4A22-99AE-7C930A6A6233}.Debug|Any CPU.ActiveCfg = Debug|Any CPU
		{05B35D0B-31B3-4A22-99AE-7C930A6A6233}.Debug|Any CPU.Build.0 = Debug|Any CPU
		{05B35D0B-31B3-4A22-99AE-7C930A6A6233}.Release|Any CPU.ActiveCfg = Release|Any CPU
		{05B35D0B-31B3-4A22-99AE-7C930A6A6233}.Release|Any CPU.Build.0 = Release|Any CPU
	EndGlobalSection
EndGlobal
